
Microsoft Visual Studio Solution File, Format Version 12.00
# Visual Studio Version 16
VisualStudioVersion = 16.0.32407.337
MinimumVisualStudioVersion = 10.0.40219.1
Project("{FAE04EC0-301F-11D3-BF4B-00C04F79EFBC}") = "AudioDeviceForm", "WindowsSetteings\AudioDeviceForm\AudioDeviceForm.csproj", "{5FC31675-6C81-48E6-8077-A50F690D3757}"
EndProject
Project("{FAE04EC0-301F-11D3-BF4B-00C04F79EFBC}") = "AudioDeviceSetting", "WindowsSetteings\AudioDeviceSetting\AudioDeviceSetting.csproj", "{3AA82F1D-401A-4978-877D-C11B5754EFE5}"
EndProject
Global
	GlobalSection(SolutionConfigurationPlatforms) = preSolution
		Debug|Any CPU = Debug|Any CPU
		Release|Any CPU = Release|Any CPU
	EndGlobalSection
	GlobalSection(ProjectConfigurationPlatforms) = postSolution
		{5FC31675-6C81-48E6-8077-A50F690D3757}.Debug|Any CPU.ActiveCfg = Debug|Any CPU
		{5FC31675-6C81-48E6-8077-A50F690D3757}.Debug|Any CPU.Build.0 = Debug|Any CPU
		{5FC31675-6C81-48E6-8077-A50F690D3757}.Release|Any CPU.ActiveCfg = Release|Any CPU
		{5FC31675-6C81-48E6-8077-A50F690D3757}.Release|Any CPU.Build.0 = Release|Any CPU
		{3AA82F1D-401A-4978-877D-C11B5754EFE5}.Debug|Any CPU.ActiveCfg = Debug|Any CPU
		{3AA82F1D-401A-4978-877D-C11B5754EFE5}.Debug|Any CPU.Build.0 = Debug|Any CPU
		{3AA82F1D-401A-4978-877D-C11B5754EFE5}.Release|Any CPU.ActiveCfg = Release|Any CPU
		{3AA82F1D-401A-4978-877D-C11B5754EFE5}.Release|Any CPU.Build.0 = Release|Any CPU
	EndGlobalSection
	GlobalSection(SolutionProperties) = preSolution
		HideSolutionNode = FALSE
	EndGlobalSection
	GlobalSection(ExtensibilityGlobals) = postSolution
		SolutionGuid = {EF10CF04-1954-4866-B522-2E06E9F1784E}
	EndGlobalSection
EndGlobal
